
Microsoft Visual Studio Solution File, Format Version 12.00
# Visual Studio Version 16
VisualStudioVersion = 25.0.1700.7
MinimumVisualStudioVersion = 10.0.40219.1
Project("{FAE04EC0-301F-11D3-BF4B-00C04F79EFBC}") = "DataTypeStudio", "DataTypeStudio\DataTypeStudio.csproj", "{060FE055-D76D-4CE7-A299-CC425499531A}"
EndProject
Global
	GlobalSection(SolutionConfigurationPlatforms) = preSolution
		Debug|Any CPU = Debug|Any CPU
		Release|Any CPU = Release|Any CPU
	EndGlobalSection
	GlobalSection(ProjectConfigurationPlatforms) = postSolution
		{060FE055-D76D-4CE7-A299-CC425499531A}.Debug|Any CPU.ActiveCfg = Debug|Any CPU
		{060FE055-D76D-4CE7-A299-CC425499531A}.Debug|Any CPU.Build.0 = Debug|Any CPU
		{060FE055-D76D-4CE7-A299-CC425499531A}.Release|Any CPU.ActiveCfg = Release|Any CPU
		{060FE055-D76D-4CE7-A299-CC425499531A}.Release|Any CPU.Build.0 = Release|Any CPU
	EndGlobalSection
	GlobalSection(SolutionProperties) = preSolution
		HideSolutionNode = FALSE
	EndGlobalSection
	GlobalSection(ExtensibilityGlobals) = postSolution
		SolutionGuid = {ED9310AD-5E14-49F2-8466-A511B62FD735}
	EndGlobalSection
EndGlobal
